{
  "name": "haxe-instrument",
  "version": "1.3.0",
  "lockfileVersion": 2,
  "requires": true,
  "packages": {
    "": {
      "name": "haxe-instrument",
      "version": "1.3.0",
      "license": "MIT",
      "devDependencies": {
        "lix": "^15.12.4"
      }
    },
    "node_modules/lix": {
      "version": "15.12.4",
      "resolved": "https://registry.npmjs.org/lix/-/lix-15.12.4.tgz",
      "integrity": "sha512-xfwGQrXXNba9BM7VcP2u9WvElBYgGJW+1gviaFqJH5OUFPAhwv8TZNk5f+Yew4pyKOmMqshdUYgk9+d3U6P6kw==",
      "dev": true,
      "hasInstallScript": true,
      "license": "MIT",
      "bin": {
        "haxe": "bin/haxeshim.js",
        "haxelib": "bin/haxelibshim.js",
        "lix": "bin/lix.js",
        "neko": "bin/nekoshim.js"
      }
    }
  },
  "dependencies": {
    "lix": {
      "version": "15.12.4",
      "resolved": "https://registry.npmjs.org/lix/-/lix-15.12.4.tgz",
      "integrity": "sha512-xfwGQrXXNba9BM7VcP2u9WvElBYgGJW+1gviaFqJH5OUFPAhwv8TZNk5f+Yew4pyKOmMqshdUYgk9+d3U6P6kw==",
      "dev": true
    }
  }
}
